
Microsoft Visual Studio Solution File, Format Version 12.00
# Visual Studio Version 17
VisualStudioVersion = 17.11.35303.130
MinimumVisualStudioVersion = 10.0.40219.1
Project("{FAE04EC0-301F-11D3-BF4B-00C04F79EFBC}") = "Phoneword_72220533", "Phoneword_72220533\Phoneword_72220533.csproj", "{2B92DF90-FBDA-4AF8-AD40-DDF2726CE701}"
EndProject
Global
	GlobalSection(SolutionConfigurationPlatforms) = preSolution
		Debug|Any CPU = Debug|Any CPU
		Release|Any CPU = Release|Any CPU
	EndGlobalSection
	GlobalSection(ProjectConfigurationPlatforms) = postSolution
		{2B92DF90-FBDA-4AF8-AD40-DDF2726CE701}.Debug|Any CPU.ActiveCfg = Debug|Any CPU
		{2B92DF90-FBDA-4AF8-AD40-DDF2726CE701}.Debug|Any CPU.Build.0 = Debug|Any CPU
		{2B92DF90-FBDA-4AF8-AD40-DDF2726CE701}.Debug|Any CPU.Deploy.0 = Debug|Any CPU
		{2B92DF90-FBDA-4AF8-AD40-DDF2726CE701}.Release|Any CPU.ActiveCfg = Release|Any CPU
		{2B92DF90-FBDA-4AF8-AD40-DDF2726CE701}.Release|Any CPU.Build.0 = Release|Any CPU
		{2B92DF90-FBDA-4AF8-AD40-DDF2726CE701}.Release|Any CPU.Deploy.0 = Release|Any CPU
	EndGlobalSection
	GlobalSection(SolutionProperties) = preSolution
		HideSolutionNode = FALSE
	EndGlobalSection
	GlobalSection(ExtensibilityGlobals) = postSolution
		SolutionGuid = {63E11518-74C5-4FEC-82A6-05ABD95E743D}
	EndGlobalSection
EndGlobal
